
Microsoft Visual Studio Solution File, Format Version 12.00
# Visual Studio 2013
VisualStudioVersion = 12.0.31101.0
MinimumVisualStudioVersion = 10.0.40219.1
Project("{FAE04EC0-301F-11D3-BF4B-00C04F79EFBC}") = "SpindleSoft", "SpindleSoft\SpindleSoft.csproj", "{8DCD289D-0264-4509-A795-E1130EB3171E}"
EndProject
Project("{FAE04EC0-301F-11D3-BF4B-00C04F79EFBC}") = "SpindleSoftTest", "SpindleSoftTest\SpindleSoftTest.csproj", "{520348B9-733B-4DBA-B592-7E3112B80CE1}"
EndProject
Project("{2150E333-8FDC-42A3-9474-1A3956D46DE8}") = ".nuget", ".nuget", "{15D42522-E89C-46A1-81CE-1374F4AE2346}"
EndProject
Project("{FAE04EC0-301F-11D3-BF4B-00C04F79EFBC}") = "SpindlesSoftTestCases", "SpindlesSoftTestCases\SpindlesSoftTestCases.csproj", "{97B12705-BDC5-419F-AA65-EEF489E8F77B}"
EndProject
Global
	GlobalSection(SolutionConfigurationPlatforms) = preSolution
		Debug|Any CPU = Debug|Any CPU
		Release|Any CPU = Release|Any CPU
	EndGlobalSection
	GlobalSection(ProjectConfigurationPlatforms) = postSolution
		{8DCD289D-0264-4509-A795-E1130EB3171E}.Debug|Any CPU.ActiveCfg = Debug|Any CPU
		{8DCD289D-0264-4509-A795-E1130EB3171E}.Debug|Any CPU.Build.0 = Debug|Any CPU
		{8DCD289D-0264-4509-A795-E1130EB3171E}.Release|Any CPU.ActiveCfg = Release|Any CPU
		{8DCD289D-0264-4509-A795-E1130EB3171E}.Release|Any CPU.Build.0 = Release|Any CPU
		{520348B9-733B-4DBA-B592-7E3112B80CE1}.Debug|Any CPU.ActiveCfg = Debug|Any CPU
		{520348B9-733B-4DBA-B592-7E3112B80CE1}.Debug|Any CPU.Build.0 = Debug|Any CPU
		{520348B9-733B-4DBA-B592-7E3112B80CE1}.Release|Any CPU.ActiveCfg = Release|Any CPU
		{520348B9-733B-4DBA-B592-7E3112B80CE1}.Release|Any CPU.Build.0 = Release|Any CPU
		{97B12705-BDC5-419F-AA65-EEF489E8F77B}.Debug|Any CPU.ActiveCfg = Debug|Any CPU
		{97B12705-BDC5-419F-AA65-EEF489E8F77B}.Debug|Any CPU.Build.0 = Debug|Any CPU
		{97B12705-BDC5-419F-AA65-EEF489E8F77B}.Release|Any CPU.ActiveCfg = Release|Any CPU
		{97B12705-BDC5-419F-AA65-EEF489E8F77B}.Release|Any CPU.Build.0 = Release|Any CPU
	EndGlobalSection
	GlobalSection(SolutionProperties) = preSolution
		HideSolutionNode = FALSE
	EndGlobalSection
EndGlobal
